<?xml version="1.0" encoding="utf-8"?>
<Project ToolsVersion="4.0" xmlns="http://schemas.microsoft.com/developer/msbuild/2003">
  <ItemGroup>
    <Filter Include="Source Files">
      <UniqueIdentifier>{4FC737F1-C7A5-4376-A066-2A32D752A2FF}</UniqueIdentifier>
      <Extensions>cpp;c;cc;cxx;def;odl;idl;hpj;bat;asm;asmx</Extensions>
    </Filter>
    <Filter Include="Header Files">
      <UniqueIdentifier>{93995380-89BD-4b04-88EB-625FBE52EBFB}</UniqueIdentifier>
      <Extensions>h;hh;hpp;hxx;hm;inl;inc;xsd</Extensions>
    </Filter>
    <Filter Include="Resource Files">
      <UniqueIdentifier>{67DA6AB6-F800-4c08-8B7A-83BB121AAD01}</UniqueIdentifier>
      <Extensions>rc;ico;cur;bmp;dlg;rc2;rct;bin;rgs;gif;jpg;jpeg;jpe;resx;tiff;tif;png;wav</Extensions>
    </Filter>
    <Filter Include="Header Files\platform">
      <UniqueIdentifier>{426f7f2c-3c92-4b24-ade1-35ce3564983e}</UniqueIdentifier>
    </Filter>
    <Filter Include="Header Files\windows">
      <UniqueIdentifier>{76c34caa-2015-4225-af32-09562f73be6e}</UniqueIdentifier>
    </Filter>
    <Filter Include="Source Files\platform">
      <UniqueIdentifier>{c9ffd6e4-c3f9-4ce9-8ceb-94a54513e49e}</UniqueIdentifier>
    </Filter>
    <Filter Include="Source Files\platform\windows">
      <UniqueIdentifier>{1f5d7e35-ac96-4afa-8bfa-1359fd1009e9}</UniqueIdentifier>
    </Filter>
    <Filter Include="Header Files\opengl">
      <UniqueIdentifier>{0adae309-a1a2-46fe-9143-a01cfccc83b9}</UniqueIdentifier>
    </Filter>
    <Filter Include="Header Files\khr">
      <UniqueIdentifier>{5e6067d1-5c77-438c-97a3-d59ab82fad59}</UniqueIdentifier>
    </Filter>
  </ItemGroup>
  <ItemGroup>
    <ClCompile Include="src\platform\keyboard.cpp">
      <Filter>Source Files\platform</Filter>
    </ClCompile>
    <ClCompile Include="src\platform\mouse.cpp">
      <Filter>Source Files\platform</Filter>
    </ClCompile>
    <ClCompile Include="src\platform\platformApi.cpp">
      <Filter>Source Files\platform</Filter>
    </ClCompile>
    <ClCompile Include="src\platform\windows\windows_platform.cpp">
      <Filter>Source Files\platform\windows</Filter>
    </ClCompile>
    <ClCompile Include="src\platform\windows\windows_time.cpp">
      <Filter>Source Files\platform\windows</Filter>
    </ClCompile>
    <ClCompile Include="src\platform\window.cpp">
      <Filter>Source Files\platform</Filter>
    </ClCompile>
    <ClCompile Include="src\platform\windows\windows_opengl.cpp">
      <Filter>Source Files\platform\windows</Filter>
    </ClCompile>
  </ItemGroup>
  <ItemGroup>
    <ClInclude Include="include\opengl\glext.h">
      <Filter>Header Files\opengl</Filter>
    </ClInclude>
    <ClInclude Include="include\opengl\wglext.h">
      <Filter>Header Files\opengl</Filter>
    </ClInclude>
    <ClInclude Include="include\platform\window.h">
      <Filter>Header Files\platform</Filter>
    </ClInclude>
    <ClInclude Include="include\platform\platformTypes.h">
      <Filter>Header Files\platform</Filter>
    </ClInclude>
    <ClInclude Include="include\platform\platformKeyTable.h">
      <Filter>Header Files\platform</Filter>
    </ClInclude>
    <ClInclude Include="include\platform\platformApi.h">
      <Filter>Header Files\platform</Filter>
    </ClInclude>
    <ClInclude Include="include\windows\windowsKeyTable.h">
      <Filter>Header Files\windows</Filter>
    </ClInclude>
    <ClInclude Include="include\windows\windowsTypes.h">
      <Filter>Header Files\windows</Filter>
    </ClInclude>
    <ClInclude Include="include\khr\khrplatform.h">
      <Filter>Header Files\khr</Filter>
    </ClInclude>
    <ClInclude Include="include\internal.h">
      <Filter>Header Files</Filter>
    </ClInclude>
  </ItemGroup>
</Project>